
Microsoft Visual Studio Solution File, Format Version 12.00
# Visual Studio Version 17
VisualStudioVersion = 17.3.32825.248
MinimumVisualStudioVersion = 10.0.40219.1
Project("{9A19103F-16F7-4668-BE54-9A1E7A4F7556}") = "CoreLib", "DataAccess\CoreLib.csproj", "{1F257EA6-4335-4398-9B85-D69D99CDB9B8}"
EndProject
Project("{FAE04EC0-301F-11D3-BF4B-00C04F79EFBC}") = "ConsoleApp", "..\..\ConsoleUI\ConsoleApp\ConsoleApp.csproj", "{4E36DA66-AF65-4AE9-A338-0B87304FAE91}"
	ProjectSection(ProjectDependencies) = postProject
		{1F257EA6-4335-4398-9B85-D69D99CDB9B8} = {1F257EA6-4335-4398-9B85-D69D99CDB9B8}
	EndProjectSection
EndProject
Global
	GlobalSection(SolutionConfigurationPlatforms) = preSolution
		Debug|Any CPU = Debug|Any CPU
		Release|Any CPU = Release|Any CPU
	EndGlobalSection
	GlobalSection(ProjectConfigurationPlatforms) = postSolution
		{1F257EA6-4335-4398-9B85-D69D99CDB9B8}.Debug|Any CPU.ActiveCfg = Debug|Any CPU
		{1F257EA6-4335-4398-9B85-D69D99CDB9B8}.Debug|Any CPU.Build.0 = Debug|Any CPU
		{1F257EA6-4335-4398-9B85-D69D99CDB9B8}.Release|Any CPU.ActiveCfg = Release|Any CPU
		{1F257EA6-4335-4398-9B85-D69D99CDB9B8}.Release|Any CPU.Build.0 = Release|Any CPU
		{4E36DA66-AF65-4AE9-A338-0B87304FAE91}.Debug|Any CPU.ActiveCfg = Debug|Any CPU
		{4E36DA66-AF65-4AE9-A338-0B87304FAE91}.Debug|Any CPU.Build.0 = Debug|Any CPU
		{4E36DA66-AF65-4AE9-A338-0B87304FAE91}.Release|Any CPU.ActiveCfg = Release|Any CPU
		{4E36DA66-AF65-4AE9-A338-0B87304FAE91}.Release|Any CPU.Build.0 = Release|Any CPU
	EndGlobalSection
	GlobalSection(SolutionProperties) = preSolution
		HideSolutionNode = FALSE
	EndGlobalSection
	GlobalSection(ExtensibilityGlobals) = postSolution
		SolutionGuid = {FA925764-3A73-45D4-A523-0BD571337A84}
	EndGlobalSection
EndGlobal
