
Microsoft Visual Studio Solution File, Format Version 12.00
# Visual Studio Version 17
VisualStudioVersion = 17.0.31912.275
MinimumVisualStudioVersion = 10.0.40219.1
Project("{9A19103F-16F7-4668-BE54-9A1E7A4F7556}") = "BeardCore.WebApi", "BeardCore.WebApi.csproj", "{22A5D55E-6F93-41EF-95B1-B73999E806B7}"
	ProjectSection(ProjectDependencies) = postProject
		{20792969-37B4-4FE2-920C-DBB8F45798E3} = {20792969-37B4-4FE2-920C-DBB8F45798E3}
	EndProjectSection
EndProject
Project("{9A19103F-16F7-4668-BE54-9A1E7A4F7556}") = "BeardCore.Mail", "..\BeardCore.Mail\BeardCore.Mail.csproj", "{60072060-409A-46E9-B373-C517902CA618}"
EndProject
Project("{9A19103F-16F7-4668-BE54-9A1E7A4F7556}") = "BeardCore.Quartz.Jobs", "..\BeardCore.Quartz.Jobs\BeardCore.Quartz.Jobs.csproj", "{AAC06D48-DB08-4C41-9EF4-B689704F4F09}"
EndProject
Project("{9A19103F-16F7-4668-BE54-9A1E7A4F7556}") = "BeardCore.SMS", "..\BeardCore.SMS\BeardCore.SMS.csproj", "{0AFEDFDB-8F62-4A0A-9F48-1CA5F81BDB65}"
EndProject
Project("{9A19103F-16F7-4668-BE54-9A1E7A4F7556}") = "BeardCore.Commons", "..\BeardCore.Commons\BeardCore.Commons.csproj", "{20792969-37B4-4FE2-920C-DBB8F45798E3}"
EndProject
Project("{9A19103F-16F7-4668-BE54-9A1E7A4F7556}") = "BeardCore.WeChat", "..\BeardCore.WeChat\BeardCore.WeChat.csproj", "{4B728485-4A4B-486B-9AC3-F9AA27B3A9CC}"
EndProject
Global
	GlobalSection(SolutionConfigurationPlatforms) = preSolution
		Debug|Any CPU = Debug|Any CPU
		Release|Any CPU = Release|Any CPU
	EndGlobalSection
	GlobalSection(ProjectConfigurationPlatforms) = postSolution
		{22A5D55E-6F93-41EF-95B1-B73999E806B7}.Debug|Any CPU.ActiveCfg = Debug|Any CPU
		{22A5D55E-6F93-41EF-95B1-B73999E806B7}.Debug|Any CPU.Build.0 = Debug|Any CPU
		{22A5D55E-6F93-41EF-95B1-B73999E806B7}.Release|Any CPU.ActiveCfg = Release|Any CPU
		{22A5D55E-6F93-41EF-95B1-B73999E806B7}.Release|Any CPU.Build.0 = Release|Any CPU
		{60072060-409A-46E9-B373-C517902CA618}.Debug|Any CPU.ActiveCfg = Debug|Any CPU
		{60072060-409A-46E9-B373-C517902CA618}.Debug|Any CPU.Build.0 = Debug|Any CPU
		{60072060-409A-46E9-B373-C517902CA618}.Release|Any CPU.ActiveCfg = Release|Any CPU
		{60072060-409A-46E9-B373-C517902CA618}.Release|Any CPU.Build.0 = Release|Any CPU
		{AAC06D48-DB08-4C41-9EF4-B689704F4F09}.Debug|Any CPU.ActiveCfg = Debug|Any CPU
		{AAC06D48-DB08-4C41-9EF4-B689704F4F09}.Debug|Any CPU.Build.0 = Debug|Any CPU
		{AAC06D48-DB08-4C41-9EF4-B689704F4F09}.Release|Any CPU.ActiveCfg = Release|Any CPU
		{AAC06D48-DB08-4C41-9EF4-B689704F4F09}.Release|Any CPU.Build.0 = Release|Any CPU
		{0AFEDFDB-8F62-4A0A-9F48-1CA5F81BDB65}.Debug|Any CPU.ActiveCfg = Debug|Any CPU
		{0AFEDFDB-8F62-4A0A-9F48-1CA5F81BDB65}.Debug|Any CPU.Build.0 = Debug|Any CPU
		{0AFEDFDB-8F62-4A0A-9F48-1CA5F81BDB65}.Release|Any CPU.ActiveCfg = Release|Any CPU
		{0AFEDFDB-8F62-4A0A-9F48-1CA5F81BDB65}.Release|Any CPU.Build.0 = Release|Any CPU
		{20792969-37B4-4FE2-920C-DBB8F45798E3}.Debug|Any CPU.ActiveCfg = Debug|Any CPU
		{20792969-37B4-4FE2-920C-DBB8F45798E3}.Debug|Any CPU.Build.0 = Debug|Any CPU
		{20792969-37B4-4FE2-920C-DBB8F45798E3}.Release|Any CPU.ActiveCfg = Release|Any CPU
		{20792969-37B4-4FE2-920C-DBB8F45798E3}.Release|Any CPU.Build.0 = Release|Any CPU
		{4B728485-4A4B-486B-9AC3-F9AA27B3A9CC}.Debug|Any CPU.ActiveCfg = Debug|Any CPU
		{4B728485-4A4B-486B-9AC3-F9AA27B3A9CC}.Debug|Any CPU.Build.0 = Debug|Any CPU
		{4B728485-4A4B-486B-9AC3-F9AA27B3A9CC}.Release|Any CPU.ActiveCfg = Release|Any CPU
		{4B728485-4A4B-486B-9AC3-F9AA27B3A9CC}.Release|Any CPU.Build.0 = Release|Any CPU
	EndGlobalSection
	GlobalSection(SolutionProperties) = preSolution
		HideSolutionNode = FALSE
	EndGlobalSection
	GlobalSection(ExtensibilityGlobals) = postSolution
		SolutionGuid = {39B48A5C-125B-4028-964A-C2418A33A3B6}
	EndGlobalSection
EndGlobal
